
Microsoft Visual Studio Solution File, Format Version 12.00
# Visual Studio 15
VisualStudioVersion = 15.0.27703.2035
MinimumVisualStudioVersion = 10.0.40219.1
Project("{FAE04EC0-301F-11D3-BF4B-00C04F79EFBC}") = "WindowsFormsApp16", "WindowsFormsApp16\WindowsFormsApp16.csproj", "{B50F331C-6D13-4636-BBE7-3938C4244B0A}"
EndProject
Global
	GlobalSection(SolutionConfigurationPlatforms) = preSolution
		Debug|Any CPU = Debug|Any CPU
		Release|Any CPU = Release|Any CPU
	EndGlobalSection
	GlobalSection(ProjectConfigurationPlatforms) = postSolution
		{B50F331C-6D13-4636-BBE7-3938C4244B0A}.Debug|Any CPU.ActiveCfg = Debug|Any CPU
		{B50F331C-6D13-4636-BBE7-3938C4244B0A}.Debug|Any CPU.Build.0 = Debug|Any CPU
		{B50F331C-6D13-4636-BBE7-3938C4244B0A}.Release|Any CPU.ActiveCfg = Release|Any CPU
		{B50F331C-6D13-4636-BBE7-3938C4244B0A}.Release|Any CPU.Build.0 = Release|Any CPU
	EndGlobalSection
	GlobalSection(SolutionProperties) = preSolution
		HideSolutionNode = FALSE
	EndGlobalSection
	GlobalSection(ExtensibilityGlobals) = postSolution
		SolutionGuid = {C4CAC3ED-C19B-4EE1-8C00-80AC9714B7C1}
	EndGlobalSection
EndGlobal
